
Microsoft Visual Studio Solution File, Format Version 12.00
# Visual Studio Version 16
VisualStudioVersion = 16.0.29230.47
MinimumVisualStudioVersion = 10.0.40219.1
Project("{FAE04EC0-301F-11D3-BF4B-00C04F79EFBC}") = "Praktinis 2", "Praktinis 2.csproj", "{6E5FF840-DE33-49C0-9A1F-BDD6F1E1AE0C}"
EndProject
Global
	GlobalSection(SolutionConfigurationPlatforms) = preSolution
		Debug|Any CPU = Debug|Any CPU
		Release|Any CPU = Release|Any CPU
	EndGlobalSection
	GlobalSection(ProjectConfigurationPlatforms) = postSolution
		{6E5FF840-DE33-49C0-9A1F-BDD6F1E1AE0C}.Debug|Any CPU.ActiveCfg = Debug|Any CPU
		{6E5FF840-DE33-49C0-9A1F-BDD6F1E1AE0C}.Debug|Any CPU.Build.0 = Debug|Any CPU
		{6E5FF840-DE33-49C0-9A1F-BDD6F1E1AE0C}.Release|Any CPU.ActiveCfg = Release|Any CPU
		{6E5FF840-DE33-49C0-9A1F-BDD6F1E1AE0C}.Release|Any CPU.Build.0 = Release|Any CPU
	EndGlobalSection
	GlobalSection(SolutionProperties) = preSolution
		HideSolutionNode = FALSE
	EndGlobalSection
	GlobalSection(ExtensibilityGlobals) = postSolution
		SolutionGuid = {4D4D4F27-F626-4A62-B6B7-321465FED99D}
	EndGlobalSection
EndGlobal
